
Microsoft Visual Studio Solution File, Format Version 12.00
# Visual Studio Express 2013 for Windows Desktop
VisualStudioVersion = 12.0.21005.1
MinimumVisualStudioVersion = 10.0.40219.1
Project("{FAE04EC0-301F-11D3-BF4B-00C04F79EFBC}") = "SF4ComboTrainer", "SF4ComboTrainer\SF4ComboTrainer.csproj", "{51F3BD87-7C97-49BE-87AB-DA826555D880}"
EndProject
Project("{F184B08F-C81C-45F6-A57F-5ABD9991F28F}") = "SF4ComboTrainer View", "SF4ComboTrainer View\SF4ComboTrainer View.vbproj", "{042D0584-DA75-479D-8739-4E519CA6ADA3}"
EndProject
Project("{FAE04EC0-301F-11D3-BF4B-00C04F79EFBC}") = "TPInputLibrary", "TPInputLibrary\TPInputLibrary.csproj", "{88213844-D4DA-4802-A4E5-78DD9E5F2A64}"
EndProject
Global
	GlobalSection(SolutionConfigurationPlatforms) = preSolution
		Debug|Any CPU = Debug|Any CPU
		Release|Any CPU = Release|Any CPU
	EndGlobalSection
	GlobalSection(ProjectConfigurationPlatforms) = postSolution
		{51F3BD87-7C97-49BE-87AB-DA826555D880}.Debug|Any CPU.ActiveCfg = Debug|Any CPU
		{51F3BD87-7C97-49BE-87AB-DA826555D880}.Debug|Any CPU.Build.0 = Debug|Any CPU
		{51F3BD87-7C97-49BE-87AB-DA826555D880}.Release|Any CPU.ActiveCfg = Release|Any CPU
		{51F3BD87-7C97-49BE-87AB-DA826555D880}.Release|Any CPU.Build.0 = Release|Any CPU
		{042D0584-DA75-479D-8739-4E519CA6ADA3}.Debug|Any CPU.ActiveCfg = Debug|Any CPU
		{042D0584-DA75-479D-8739-4E519CA6ADA3}.Debug|Any CPU.Build.0 = Debug|Any CPU
		{042D0584-DA75-479D-8739-4E519CA6ADA3}.Release|Any CPU.ActiveCfg = Release|Any CPU
		{042D0584-DA75-479D-8739-4E519CA6ADA3}.Release|Any CPU.Build.0 = Release|Any CPU
		{88213844-D4DA-4802-A4E5-78DD9E5F2A64}.Debug|Any CPU.ActiveCfg = Debug|Any CPU
		{88213844-D4DA-4802-A4E5-78DD9E5F2A64}.Debug|Any CPU.Build.0 = Debug|Any CPU
		{88213844-D4DA-4802-A4E5-78DD9E5F2A64}.Release|Any CPU.ActiveCfg = Release|Any CPU
		{88213844-D4DA-4802-A4E5-78DD9E5F2A64}.Release|Any CPU.Build.0 = Release|Any CPU
	EndGlobalSection
	GlobalSection(SolutionProperties) = preSolution
		HideSolutionNode = FALSE
	EndGlobalSection
EndGlobal
